// !$*UTF8*$!
{
	archiveVersion = 1;
	classes = {
	};
	objectVersion = 50;
	objects = {

/* Begin PBXBuildFile section */
		83801FE224A2F28E004DCBFD /* AddressView.swift in Sources */ = {isa = PBXBuildFile; fileRef = 83801FE124A2F28E004DCBFD /* AddressView.swift */; };
		83801FE424A3116C004DCBFD /* CheckoutView.swift in Sources */ = {isa = PBXBuildFile; fileRef = 83801FE324A3116C004DCBFD /* CheckoutView.swift */; };
		83D36A1724A1BCFE00CE655E /* AppDelegate.swift in Sources */ = {isa = PBXBuildFile; fileRef = 83D36A1624A1BCFE00CE655E /* AppDelegate.swift */; };
		83D36A1924A1BCFE00CE655E /* SceneDelegate.swift in Sources */ = {isa = PBXBuildFile; fileRef = 83D36A1824A1BCFE00CE655E /* SceneDelegate.swift */; };
		83D36A1B24A1BCFE00CE655E /* ContentView.swift in Sources */ = {isa = PBXBuildFile; fileRef = 83D36A1A24A1BCFE00CE655E /* ContentView.swift */; };
		83D36A1D24A1BCFF00CE655E /* Assets.xcassets in Resources */ = {isa = PBXBuildFile; fileRef = 83D36A1C24A1BCFF00CE655E /* Assets.xcassets */; };
		83D36A2024A1BCFF00CE655E /* Preview Assets.xcassets in Resources */ = {isa = PBXBuildFile; fileRef = 83D36A1F24A1BCFF00CE655E /* Preview Assets.xcassets */; };
		83D36A2324A1BCFF00CE655E /* LaunchScreen.storyboard in Resources */ = {isa = PBXBuildFile; fileRef = 83D36A2124A1BCFF00CE655E /* LaunchScreen.storyboard */; };
		83D36A2B24A2404300CE655E /* Order.swift in Sources */ = {isa = PBXBuildFile; fileRef = 83D36A2A24A2404300CE655E /* Order.swift */; };
/* End PBXBuildFile section */

/* Begin PBXFileReference section */
		83801FE124A2F28E004DCBFD /* AddressView.swift */ = {isa = PBXFileReference; lastKnownFileType = sourcecode.swift; path = AddressView.swift; sourceTree = "<group>"; };
		83801FE324A3116C004DCBFD /* CheckoutView.swift */ = {isa = PBXFileReference; lastKnownFileType = sourcecode.swift; path = CheckoutView.swift; sourceTree = "<group>"; };
		83D36A1324A1BCFE00CE655E /* CupcakeCorner.app */ = {isa = PBXFileReference; explicitFileType = wrapper.application; includeInIndex = 0; path = CupcakeCorner.app; sourceTree = BUILT_PRODUCTS_DIR; };
		83D36A1624A1BCFE00CE655E /* AppDelegate.swift */ = {isa = PBXFileReference; lastKnownFileType = sourcecode.swift; path = AppDelegate.swift; sourceTree = "<group>"; };
		83D36A1824A1BCFE00CE655E /* SceneDelegate.swift */ = {isa = PBXFileReference; lastKnownFileType = sourcecode.swift; path = SceneDelegate.swift; sourceTree = "<group>"; };
		83D36A1A24A1BCFE00CE655E /* ContentView.swift */ = {isa = PBXFileReference; lastKnownFileType = sourcecode.swift; path = ContentView.swift; sourceTree = "<group>"; };
		83D36A1C24A1BCFF00CE655E /* Assets.xcassets */ = {isa = PBXFileReference; lastKnownFileType = folder.assetcatalog; path = Assets.xcassets; sourceTree = "<group>"; };
		83D36A1F24A1BCFF00CE655E /* Preview Assets.xcassets */ = {isa = PBXFileReference; lastKnownFileType = folder.assetcatalog; path = "Preview Assets.xcassets"; sourceTree = "<group>"; };
		83D36A2224A1BCFF00CE655E /* Base */ = {isa = PBXFileReference; lastKnownFileType = file.storyboard; name = Base; path = Base.lproj/LaunchScreen.storyboard; sourceTree = "<group>"; };
		83D36A2424A1BCFF00CE655E /* Info.plist */ = {isa = PBXFileReference; lastKnownFileType = text.plist.xml; path = Info.plist; sourceTree = "<group>"; };
		83D36A2A24A2404300CE655E /* Order.swift */ = {isa = PBXFileReference; lastKnownFileType = sourcecode.swift; path = Order.swift; sourceTree = SOURCE_ROOT; };
/* End PBXFileReference section */

/* Begin PBXFrameworksBuildPhase section */
		83D36A1024A1BCFE00CE655E /* Frameworks */ = {
			isa = PBXFrameworksBuildPhase;
			buildActionMask = 2147483647;
			files = (
			);
			runOnlyForDeploymentPostprocessing = 0;
		};
/* End PBXFrameworksBuildPhase section */

/* Begin PBXGroup section */
		83D36A0A24A1BCFE00CE655E = {
			isa = PBXGroup;
			children = (
				83D36A1524A1BCFE00CE655E /* CupcakeCorner */,
				83D36A1424A1BCFE00CE655E /* Products */,
			);
			sourceTree = "<group>";
		};
		83D36A1424A1BCFE00CE655E /* Products */ = {
			isa = PBXGroup;
			children = (
				83D36A1324A1BCFE00CE655E /* CupcakeCorner.app */,
			);
			name = Products;
			sourceTree = "<group>";
		};
		83D36A1524A1BCFE00CE655E /* CupcakeCorner */ = {
			isa = PBXGroup;
			children = (
				83D36A2A24A2404300CE655E /* Order.swift */,
				83801FE124A2F28E004DCBFD /* AddressView.swift */,
				83D36A1624A1BCFE00CE655E /* AppDelegate.swift */,
				83D36A1824A1BCFE00CE655E /* SceneDelegate.swift */,
				83D36A1A24A1BCFE00CE655E /* ContentView.swift */,
				83801FE324A3116C004DCBFD /* CheckoutView.swift */,
				83D36A1C24A1BCFF00CE655E /* Assets.xcassets */,
				83D36A2124A1BCFF00CE655E /* LaunchScreen.storyboard */,
				83D36A2424A1BCFF00CE655E /* Info.plist */,
				83D36A1E24A1BCFF00CE655E /* Preview Content */,
			);
			path = CupcakeCorner;
			sourceTree = "<group>";
		};
		83D36A1E24A1BCFF00CE655E /* Preview Content */ = {
			isa = PBXGroup;
			children = (
				83D36A1F24A1BCFF00CE655E /* Preview Assets.xcassets */,
			);
			path = "Preview Content";
			sourceTree = "<group>";
		};
/* End PBXGroup section */

/* Begin PBXNativeTarget section */
		83D36A1224A1BCFE00CE655E /* CupcakeCorner */ = {
			isa = PBXNativeTarget;
			buildConfigurationList = 83D36A2724A1BCFF00CE655E /* Build configuration list for PBXNativeTarget "CupcakeCorner" */;
			buildPhases = (
				83D36A0F24A1BCFE00CE655E /* Sources */,
				83D36A1024A1BCFE00CE655E /* Frameworks */,
				83D36A1124A1BCFE00CE655E /* Resources */,
			);
			buildRules = (
			);
			dependencies = (
			);
			name = CupcakeCorner;
			productName = CupcakeCorner;
			productReference = 83D36A1324A1BCFE00CE655E /* CupcakeCorner.app */;
			productType = "com.apple.product-type.application";
		};
/* End PBXNativeTarget section */

/* Begin PBXProject section */
		83D36A0B24A1BCFE00CE655E /* Project object */ = {
			isa = PBXProject;
			attributes = {
				LastSwiftUpdateCheck = 1140;
				LastUpgradeCheck = 1140;
				ORGANIZATIONNAME = "Vegesna, Vijay V";
				TargetAttributes = {
					83D36A1224A1BCFE00CE655E = {
						CreatedOnToolsVersion = 11.4;
					};
				};
			};
			buildConfigurationList = 83D36A0E24A1BCFE00CE655E /* Build configuration list for PBXProject "CupcakeCorner" */;
			compatibilityVersion = "Xcode 9.3";
			developmentRegion = en;
			hasScannedForEncodings = 0;
			knownRegions = (
				en,
				Base,
			);
			mainGroup = 83D36A0A24A1BCFE00CE655E;
			productRefGroup = 83D36A1424A1BCFE00CE655E /* Products */;
			projectDirPath = "";
			projectRoot = "";
			targets = (
				83D36A1224A1BCFE00CE655E /* CupcakeCorner */,
			);
		};
/* End PBXProject section */

/* Begin PBXResourcesBuildPhase section */
		83D36A1124A1BCFE00CE655E /* Resources */ = {
			isa = PBXResourcesBuildPhase;
			buildActionMask = 2147483647;
			files = (
				83D36A2324A1BCFF00CE655E /* LaunchScreen.storyboard in Resources */,
				83D36A2024A1BCFF00CE655E /* Preview Assets.xcassets in Resources */,
				83D36A1D24A1BCFF00CE655E /* Assets.xcassets in Resources */,
			);
			runOnlyForDeploymentPostprocessing = 0;
		};
/* End PBXResourcesBuildPhase section */

/* Begin PBXSourcesBuildPhase section */
		83D36A0F24A1BCFE00CE655E /* Sources */ = {
			isa = PBXSourcesBuildPhase;
			buildActionMask = 2147483647;
			files = (
				83D36A1724A1BCFE00CE655E /* AppDelegate.swift in Sources */,
				83D36A1924A1BCFE00CE655E /* SceneDelegate.swift in Sources */,
				83801FE424A3116C004DCBFD /* CheckoutView.swift in Sources */,
				83D36A2B24A2404300CE655E /* Order.swift in Sources */,
				83D36A1B24A1BCFE00CE655E /* ContentView.swift in Sources */,
				83801FE224A2F28E004DCBFD /* AddressView.swift in Sources */,
			);
			runOnlyForDeploymentPostprocessing = 0;
		};
/* End PBXSourcesBuildPhase section */

/* Begin PBXVariantGroup section */
		83D36A2124A1BCFF00CE655E /* LaunchScreen.storyboard */ = {
			isa = PBXVariantGroup;
			children = (
				83D36A2224A1BCFF00CE655E /* Base */,
			);
			name = LaunchScreen.storyboard;
			sourceTree = "<group>";
		};
/* End PBXVariantGroup section */

/* Begin XCBuildConfiguration section */
		83D36A2524A1BCFF00CE655E /* Debug */ = {
			isa = XCBuildConfiguration;
			buildSettings = {
				ALWAYS_SEARCH_USER_PATHS = NO;
				CLANG_ANALYZER_NONNULL = YES;
				CLANG_ANALYZER_NUMBER_OBJECT_CONVERSION = YES_AGGRESSIVE;
				CLANG_CXX_LANGUAGE_STANDARD = "gnu++14";
				CLANG_CXX_LIBRARY = "libc++";
				CLANG_ENABLE_MODULES = YES;
				CLANG_ENABLE_OBJC_ARC = YES;
				CLANG_ENABLE_OBJC_WEAK = YES;
				CLANG_WARN_BLOCK_CAPTURE_AUTORELEASING = YES;
				CLANG_WARN_BOOL_CONVERSION = YES;
				CLANG_WARN_COMMA = YES;
				CLANG_WARN_CONSTANT_CONVERSION = YES;
				CLANG_WARN_DEPRECATED_OBJC_IMPLEMENTATIONS = YES;
				CLANG_WARN_DIRECT_OBJC_ISA_USAGE = YES_ERROR;
				CLANG_WARN_DOCUMENTATION_COMMENTS = YES;
				CLANG_WARN_EMPTY_BODY = YES;
				CLANG_WARN_ENUM_CONVERSION = YES;
				CLANG_WARN_INFINITE_RECURSION = YES;
				CLANG_WARN_INT_CONVERSION = YES;
				CLANG_WARN_NON_LITERAL_NULL_CONVERSION = YES;
				CLANG_WARN_OBJC_IMPLICIT_RETAIN_SELF = YES;
				CLANG_WARN_OBJC_LITERAL_CONVERSION = YES;
				CLANG_WARN_OBJC_ROOT_CLASS = YES_ERROR;
				CLANG_WARN_RANGE_LOOP_ANALYSIS = YES;
				CLANG_WARN_STRICT_PROTOTYPES = YES;
				CLANG_WARN_SUSPICIOUS_MOVE = YES;
				CLANG_WARN_UNGUARDED_AVAILABILITY = YES_AGGRESSIVE;
				CLANG_WARN_UNREACHABLE_CODE = YES;
				CLANG_WARN__DUPLICATE_METHOD_MATCH = YES;
				COPY_PHASE_STRIP = NO;
				DEBUG_INFORMATION_FORMAT = dwarf;
				ENABLE_STRICT_OBJC_MSGSEND = YES;
				ENABLE_TESTABILITY = YES;
				GCC_C_LANGUAGE_STANDARD = gnu11;
				GCC_DYNAMIC_NO_PIC = NO;
				GCC_NO_COMMON_BLOCKS = YES;
				GCC_OPTIMIZATION_LEVEL = 0;
				GCC_PREPROCESSOR_DEFINITIONS = (
					"DEBUG=1",
					"$(inherited)",
				);
				GCC_WARN_64_TO_32_BIT_CONVERSION = YES;
				GCC_WARN_ABOUT_RETURN_TYPE = YES_ERROR;
				GCC_WARN_UNDECLARED_SELECTOR = YES;
				GCC_WARN_UNINITIALIZED_AUTOS = YES_AGGRESSIVE;
				GCC_WARN_UNUSED_FUNCTION = YES;
				GCC_WARN_UNUSED_VARIABLE = YES;
				IPHONEOS_DEPLOYMENT_TARGET = 13.4;
				MTL_ENABLE_DEBUG_INFO = INCLUDE_SOURCE;
				MTL_FAST_MATH = YES;
				ONLY_ACTIVE_ARCH = YES;
				SDKROOT = iphoneos;
				SWIFT_ACTIVE_COMPILATION_CONDITIONS = DEBUG;
				SWIFT_OPTIMIZATION_LEVEL = "-Onone";
			};
			name = Debug;
		};
		83D36A2624A1BCFF00CE655E /* Release */ = {
			isa = XCBuildConfiguration;
			buildSettings = {
				ALWAYS_SEARCH_USER_PATHS = NO;
				CLANG_ANALYZER_NONNULL = YES;
				CLANG_ANALYZER_NUMBER_OBJECT_CONVERSION = YES_AGGRESSIVE;
				CLANG_CXX_LANGUAGE_STANDARD = "gnu++14";
				CLANG_CXX_LIBRARY = "libc++";
				CLANG_ENABLE_MODULES = YES;
				CLANG_ENABLE_OBJC_ARC = YES;
				CLANG_ENABLE_OBJC_WEAK = YES;
				CLANG_WARN_BLOCK_CAPTURE_AUTORELEASING = YES;
				CLANG_WARN_BOOL_CONVERSION = YES;
				CLANG_WARN_COMMA = YES;
				CLANG_WARN_CONSTANT_CONVERSION = YES;
				CLANG_WARN_DEPRECATED_OBJC_IMPLEMENTATIONS = YES;
				CLANG_WARN_DIRECT_OBJC_ISA_USAGE = YES_ERROR;
				CLANG_WARN_DOCUMENTATION_COMMENTS = YES;
				CLANG_WARN_EMPTY_BODY = YES;
				CLANG_WARN_ENUM_CONVERSION = YES;
				CLANG_WARN_INFINITE_RECURSION = YES;
				CLANG_WARN_INT_CONVERSION = YES;
				CLANG_WARN_NON_LITERAL_NULL_CONVERSION = YES;
				CLANG_WARN_OBJC_IMPLICIT_RETAIN_SELF = YES;
				CLANG_WARN_OBJC_LITERAL_CONVERSION = YES;
				CLANG_WARN_OBJC_ROOT_CLASS = YES_ERROR;
				CLANG_WARN_RANGE_LOOP_ANALYSIS = YES;
				CLANG_WARN_STRICT_PROTOTYPES = YES;
				CLANG_WARN_SUSPICIOUS_MOVE = YES;
				CLANG_WARN_UNGUARDED_AVAILABILITY = YES_AGGRESSIVE;
				CLANG_WARN_UNREACHABLE_CODE = YES;
				CLANG_WARN__DUPLICATE_METHOD_MATCH = YES;
				COPY_PHASE_STRIP = NO;
				DEBUG_INFORMATION_FORMAT = "dwarf-with-dsym";
				ENABLE_NS_ASSERTIONS = NO;
				ENABLE_STRICT_OBJC_MSGSEND = YES;
				GCC_C_LANGUAGE_STANDARD = gnu11;
				GCC_NO_COMMON_BLOCKS = YES;
				GCC_WARN_64_TO_32_BIT_CONVERSION = YES;
				GCC_WARN_ABOUT_RETURN_TYPE = YES_ERROR;
				GCC_WARN_UNDECLARED_SELECTOR = YES;
				GCC_WARN_UNINITIALIZED_AUTOS = YES_AGGRESSIVE;
				GCC_WARN_UNUSED_FUNCTION = YES;
				GCC_WARN_UNUSED_VARIABLE = YES;
				IPHONEOS_DEPLOYMENT_TARGET = 13.4;
				MTL_ENABLE_DEBUG_INFO = NO;
				MTL_FAST_MATH = YES;
				SDKROOT = iphoneos;
				SWIFT_COMPILATION_MODE = wholemodule;
				SWIFT_OPTIMIZATION_LEVEL = "-O";
				VALIDATE_PRODUCT = YES;
			};
			name = Release;
		};
		83D36A2824A1BCFF00CE655E /* Debug */ = {
			isa = XCBuildConfiguration;
			buildSettings = {
				ASSETCATALOG_COMPILER_APPICON_NAME = AppIcon;
				CODE_SIGN_STYLE = Automatic;
				DEVELOPMENT_ASSET_PATHS = "\"CupcakeCorner/Preview Content\"";
				DEVELOPMENT_TEAM = R8A5WRA6YZ;
				ENABLE_PREVIEWS = YES;
				INFOPLIST_FILE = CupcakeCorner/Info.plist;
				LD_RUNPATH_SEARCH_PATHS = (
					"$(inherited)",
					"@executable_path/Frameworks",
				);
				PRODUCT_BUNDLE_IDENTIFIER = me.vegesna.vijay.CupcakeCorner;
				PRODUCT_NAME = "$(TARGET_NAME)";
				SWIFT_VERSION = 5.0;
				TARGETED_DEVICE_FAMILY = "1,2";
			};
			name = Debug;
		};
		83D36A2924A1BCFF00CE655E /* Release */ = {
			isa = XCBuildConfiguration;
			buildSettings = {
				ASSETCATALOG_COMPILER_APPICON_NAME = AppIcon;
				CODE_SIGN_STYLE = Automatic;
				DEVELOPMENT_ASSET_PATHS = "\"CupcakeCorner/Preview Content\"";
				DEVELOPMENT_TEAM = R8A5WRA6YZ;
				ENABLE_PREVIEWS = YES;
				INFOPLIST_FILE = CupcakeCorner/Info.plist;
				LD_RUNPATH_SEARCH_PATHS = (
					"$(inherited)",
					"@executable_path/Frameworks",
				);
				PRODUCT_BUNDLE_IDENTIFIER = me.vegesna.vijay.CupcakeCorner;
				PRODUCT_NAME = "$(TARGET_NAME)";
				SWIFT_VERSION = 5.0;
				TARGETED_DEVICE_FAMILY = "1,2";
			};
			name = Release;
		};
/* End XCBuildConfiguration section */

/* Begin XCConfigurationList section */
		83D36A0E24A1BCFE00CE655E /* Build configuration list for PBXProject "CupcakeCorner" */ = {
			isa = XCConfigurationList;
			buildConfigurations = (
				83D36A2524A1BCFF00CE655E /* Debug */,
				83D36A2624A1BCFF00CE655E /* Release */,
			);
			defaultConfigurationIsVisible = 0;
			defaultConfigurationName = Release;
		};
		83D36A2724A1BCFF00CE655E /* Build configuration list for PBXNativeTarget "CupcakeCorner" */ = {
			isa = XCConfigurationList;
			buildConfigurations = (
				83D36A2824A1BCFF00CE655E /* Debug */,
				83D36A2924A1BCFF00CE655E /* Release */,
			);
			defaultConfigurationIsVisible = 0;
			defaultConfigurationName = Release;
		};
/* End XCConfigurationList section */
	};
	rootObject = 83D36A0B24A1BCFE00CE655E /* Project object */;
}
